{
  "name": "hd-topo",
  "version": "0.6.0",
  "lockfileVersion": 1,
  "requires": true,
  "dependencies": {
    "@pixi/accessibility": {
      "version": "5.1.1",
      "resolved": "http://192.168.2.34:4873/@pixi%2faccessibility/-/accessibility-5.1.1.tgz",
      "integrity": "sha1-X4f35mESksleO5sUSK4/0RCn+rY=",
      "requires": {
        "@pixi/core": "^5.1.1",
        "@pixi/display": "^5.1.1",
        "@pixi/utils": "^5.1.1"
      }
    },
    "@pixi/app": {
      "version": "5.1.1",
      "resolved": "http://192.168.2.34:4873/@pixi%2fapp/-/app-5.1.1.tgz",
      "integrity": "sha1-3spAL1s5NKusrIyYwqcJzH4eDZo=",
      "requires": {
        "@pixi/core": "^5.1.1",
        "@pixi/display": "^5.1.1"
      }
    },
    "@pixi/constants": {
      "version": "5.1.0",
      "resolved": "http://192.168.2.34:4873/@pixi%2fconstants/-/constants-5.1.0.tgz",
      "integrity": "sha1-ZjGSo9csu8ocQKlKfhAE+/mrZko="
    },
    "@pixi/core": {
      "version": "5.1.1",
      "resolved": "http://192.168.2.34:4873/@pixi%2fcore/-/core-5.1.1.tgz",
      "integrity": "sha1-1dV5DKLQtAPubUoYX8OmnNz39xA=",
      "requires": {
        "@pixi/constants": "^5.1.0",
        "@pixi/display": "^5.1.1",
        "@pixi/math": "^5.1.0",
        "@pixi/runner": "^5.1.1",
        "@pixi/settings": "^5.1.1",
        "@pixi/ticker": "^5.1.1",
        "@pixi/utils": "^5.1.1"
      }
    },
    "@pixi/display": {
      "version": "5.1.1",
      "resolved": "http://192.168.2.34:4873/@pixi%2fdisplay/-/display-5.1.1.tgz",
      "integrity": "sha1-gPdGf5sIcJ8oOWRfoBUL81aEyHI=",
      "requires": {
        "@pixi/math": "^5.1.0",
        "@pixi/settings": "^5.1.1",
        "@pixi/utils": "^5.1.1"
      }
    },
    "@pixi/extract": {
      "version": "5.1.1",
      "resolved": "http://192.168.2.34:4873/@pixi%2fextract/-/extract-5.1.1.tgz",
      "integrity": "sha1-DStoreq6faLzWpKQALY7G2Du0yE=",
      "requires": {
        "@pixi/core": "^5.1.1",
        "@pixi/math": "^5.1.0",
        "@pixi/utils": "^5.1.1"
      }
    },
    "@pixi/filter-alpha": {
      "version": "5.1.1",
      "resolved": "http://192.168.2.34:4873/@pixi%2ffilter-alpha/-/filter-alpha-5.1.1.tgz",
      "integrity": "sha1-0HeNpe/2HgwU7m6DQMP6OOPF40M=",
      "requires": {
        "@pixi/core": "^5.1.1"
      }
    },
    "@pixi/filter-blur": {
      "version": "5.1.1",
      "resolved": "http://192.168.2.34:4873/@pixi%2ffilter-blur/-/filter-blur-5.1.1.tgz",
      "integrity": "sha1-ZY9BXvqlEIhBFF+f8CEzuJjhqKM=",
      "requires": {
        "@pixi/core": "^5.1.1",
        "@pixi/settings": "^5.1.1"
      }
    },
    "@pixi/filter-color-matrix": {
      "version": "5.1.1",
      "resolved": "http://192.168.2.34:4873/@pixi%2ffilter-color-matrix/-/filter-color-matrix-5.1.1.tgz",
      "integrity": "sha1-mlrtzsiHp+b88RSE7KLUc1ShEGA=",
      "requires": {
        "@pixi/core": "^5.1.1"
      }
    },
    "@pixi/filter-displacement": {
      "version": "5.1.1",
      "resolved": "http://192.168.2.34:4873/@pixi%2ffilter-displacement/-/filter-displacement-5.1.1.tgz",
      "integrity": "sha1-BHqPl4eGZiHN7Fmmgn76HTOCCYI=",
      "requires": {
        "@pixi/core": "^5.1.1",
        "@pixi/math": "^5.1.0"
      }
    },
    "@pixi/filter-fxaa": {
      "version": "5.1.1",
      "resolved": "http://192.168.2.34:4873/@pixi%2ffilter-fxaa/-/filter-fxaa-5.1.1.tgz",
      "integrity": "sha1-hHQzArnF4II2YnWu7urcKxR4l+8=",
      "requires": {
        "@pixi/core": "^5.1.1"
      }
    },
    "@pixi/filter-noise": {
      "version": "5.1.1",
      "resolved": "http://192.168.2.34:4873/@pixi%2ffilter-noise/-/filter-noise-5.1.1.tgz",
      "integrity": "sha1-6yPWiNFj1m3ggWWKMEsGVPPmldQ=",
      "requires": {
        "@pixi/core": "^5.1.1"
      }
    },
    "@pixi/graphics": {
      "version": "5.1.1",
      "resolved": "http://192.168.2.34:4873/@pixi%2fgraphics/-/graphics-5.1.1.tgz",
      "integrity": "sha1-5fkyfAbRNDwTziY2g8i9XBFo1i4=",
      "requires": {
        "@pixi/constants": "^5.1.0",
        "@pixi/core": "^5.1.1",
        "@pixi/display": "^5.1.1",
        "@pixi/math": "^5.1.0",
        "@pixi/sprite": "^5.1.1",
        "@pixi/utils": "^5.1.1"
      }
    },
    "@pixi/interaction": {
      "version": "5.1.1",
      "resolved": "http://192.168.2.34:4873/@pixi%2finteraction/-/interaction-5.1.1.tgz",
      "integrity": "sha1-QH1mksCKG7LhAekEvC1xNQxZ9iA=",
      "requires": {
        "@pixi/core": "^5.1.1",
        "@pixi/display": "^5.1.1",
        "@pixi/math": "^5.1.0",
        "@pixi/ticker": "^5.1.1",
        "@pixi/utils": "^5.1.1"
      }
    },
    "@pixi/loaders": {
      "version": "5.1.1",
      "resolved": "http://192.168.2.34:4873/@pixi%2floaders/-/loaders-5.1.1.tgz",
      "integrity": "sha1-6/0YwzXXqiuaAM5R26CT06HgbuA=",
      "requires": {
        "@pixi/core": "^5.1.1",
        "@pixi/utils": "^5.1.1",
        "resource-loader": "^3.0.1"
      }
    },
    "@pixi/math": {
      "version": "5.1.0",
      "resolved": "http://192.168.2.34:4873/@pixi%2fmath/-/math-5.1.0.tgz",
      "integrity": "sha1-eXTLmOyNUqSIJci6vU2ac91H6MU="
    },
    "@pixi/mesh": {
      "version": "5.1.1",
      "resolved": "http://192.168.2.34:4873/@pixi%2fmesh/-/mesh-5.1.1.tgz",
      "integrity": "sha1-xvsWc8APig+xui131Eaw2a9m4Wk=",
      "requires": {
        "@pixi/constants": "^5.1.0",
        "@pixi/core": "^5.1.1",
        "@pixi/display": "^5.1.1",
        "@pixi/math": "^5.1.0",
        "@pixi/settings": "^5.1.1",
        "@pixi/utils": "^5.1.1"
      }
    },
    "@pixi/mesh-extras": {
      "version": "5.1.1",
      "resolved": "http://192.168.2.34:4873/@pixi%2fmesh-extras/-/mesh-extras-5.1.1.tgz",
      "integrity": "sha1-tV/vtZ3QRpmzTMvTVxpk1nx5oRU=",
      "requires": {
        "@pixi/constants": "^5.1.0",
        "@pixi/core": "^5.1.1",
        "@pixi/math": "^5.1.0",
        "@pixi/mesh": "^5.1.1",
        "@pixi/utils": "^5.1.1"
      }
    },
    "@pixi/mixin-cache-as-bitmap": {
      "version": "5.1.1",
      "resolved": "http://192.168.2.34:4873/@pixi%2fmixin-cache-as-bitmap/-/mixin-cache-as-bitmap-5.1.1.tgz",
      "integrity": "sha1-LJQc/cTmDEx63t/rF3CvnYTBs6o=",
      "requires": {
        "@pixi/core": "^5.1.1",
        "@pixi/display": "^5.1.1",
        "@pixi/math": "^5.1.0",
        "@pixi/settings": "^5.1.1",
        "@pixi/sprite": "^5.1.1",
        "@pixi/utils": "^5.1.1"
      }
    },
    "@pixi/mixin-get-child-by-name": {
      "version": "5.1.1",
      "resolved": "http://192.168.2.34:4873/@pixi%2fmixin-get-child-by-name/-/mixin-get-child-by-name-5.1.1.tgz",
      "integrity": "sha1-T7PgRfK0sLLKTnTIWBbMGeINHkc=",
      "requires": {
        "@pixi/display": "^5.1.1"
      }
    },
    "@pixi/mixin-get-global-position": {
      "version": "5.1.1",
      "resolved": "http://192.168.2.34:4873/@pixi%2fmixin-get-global-position/-/mixin-get-global-position-5.1.1.tgz",
      "integrity": "sha1-Tk0V5QQIMAsHLc6Maqafy5l1Lgg=",
      "requires": {
        "@pixi/display": "^5.1.1",
        "@pixi/math": "^5.1.0"
      }
    },
    "@pixi/particles": {
      "version": "5.1.1",
      "resolved": "http://192.168.2.34:4873/@pixi%2fparticles/-/particles-5.1.1.tgz",
      "integrity": "sha1-2/x/lziJQNCwL9FSK3k5sLr2Gzg=",
      "requires": {
        "@pixi/constants": "^5.1.0",
        "@pixi/core": "^5.1.1",
        "@pixi/display": "^5.1.1",
        "@pixi/math": "^5.1.0",
        "@pixi/utils": "^5.1.1"
      }
    },
    "@pixi/polyfill": {
      "version": "5.1.0",
      "resolved": "http://192.168.2.34:4873/@pixi%2fpolyfill/-/polyfill-5.1.0.tgz",
      "integrity": "sha1-lr8uE9NI9IL4L9KA2nGytOnAR6U=",
      "requires": {
        "es6-promise-polyfill": "^1.2.0",
        "object-assign": "^4.1.1"
      }
    },
    "@pixi/prepare": {
      "version": "5.1.1",
      "resolved": "http://192.168.2.34:4873/@pixi%2fprepare/-/prepare-5.1.1.tgz",
      "integrity": "sha1-LZcAjDmZmuCXbf/SgrKSzL0ggUs=",
      "requires": {
        "@pixi/core": "^5.1.1",
        "@pixi/display": "^5.1.1",
        "@pixi/graphics": "^5.1.1",
        "@pixi/settings": "^5.1.1",
        "@pixi/text": "^5.1.1",
        "@pixi/ticker": "^5.1.1"
      }
    },
    "@pixi/runner": {
      "version": "5.1.1",
      "resolved": "http://192.168.2.34:4873/@pixi%2frunner/-/runner-5.1.1.tgz",
      "integrity": "sha1-3Wu16GSFEpG/lvlPOU++u29jaOw="
    },
    "@pixi/settings": {
      "version": "5.1.1",
      "resolved": "http://192.168.2.34:4873/@pixi%2fsettings/-/settings-5.1.1.tgz",
      "integrity": "sha1-sCgQLdZ6hhdO5jc2POPST6ICqlc=",
      "requires": {
        "ismobilejs": "^0.5.1"
      }
    },
    "@pixi/sprite": {
      "version": "5.1.1",
      "resolved": "http://192.168.2.34:4873/@pixi%2fsprite/-/sprite-5.1.1.tgz",
      "integrity": "sha1-siSS+F5QtlOtEl9sM1uf2iqZoB4=",
      "requires": {
        "@pixi/constants": "^5.1.0",
        "@pixi/core": "^5.1.1",
        "@pixi/display": "^5.1.1",
        "@pixi/math": "^5.1.0",
        "@pixi/settings": "^5.1.1",
        "@pixi/utils": "^5.1.1"
      }
    },
    "@pixi/sprite-animated": {
      "version": "5.1.1",
      "resolved": "http://192.168.2.34:4873/@pixi%2fsprite-animated/-/sprite-animated-5.1.1.tgz",
      "integrity": "sha1-fvmok57Dyd4f+BGJW2meXCpLyh8=",
      "requires": {
        "@pixi/core": "^5.1.1",
        "@pixi/sprite": "^5.1.1",
        "@pixi/ticker": "^5.1.1"
      }
    },
    "@pixi/sprite-tiling": {
      "version": "5.1.1",
      "resolved": "http://192.168.2.34:4873/@pixi%2fsprite-tiling/-/sprite-tiling-5.1.1.tgz",
      "integrity": "sha1-YzHLcHRFU8DjWLFEVYmYN4Zctqg=",
      "requires": {
        "@pixi/constants": "^5.1.0",
        "@pixi/core": "^5.1.1",
        "@pixi/display": "^5.1.1",
        "@pixi/math": "^5.1.0",
        "@pixi/sprite": "^5.1.1",
        "@pixi/utils": "^5.1.1"
      }
    },
    "@pixi/spritesheet": {
      "version": "5.1.1",
      "resolved": "http://192.168.2.34:4873/@pixi%2fspritesheet/-/spritesheet-5.1.1.tgz",
      "integrity": "sha1-O7zTsduMx8meWeHmXGaspsSh7ZA=",
      "requires": {
        "@pixi/core": "^5.1.1",
        "@pixi/loaders": "^5.1.1",
        "@pixi/math": "^5.1.0",
        "@pixi/utils": "^5.1.1"
      }
    },
    "@pixi/text": {
      "version": "5.1.1",
      "resolved": "http://192.168.2.34:4873/@pixi%2ftext/-/text-5.1.1.tgz",
      "integrity": "sha1-LtNENr/LiIe7/ZTvxBRKJaEqj1s=",
      "requires": {
        "@pixi/core": "^5.1.1",
        "@pixi/math": "^5.1.0",
        "@pixi/settings": "^5.1.1",
        "@pixi/sprite": "^5.1.1",
        "@pixi/utils": "^5.1.1"
      }
    },
    "@pixi/text-bitmap": {
      "version": "5.1.1",
      "resolved": "http://192.168.2.34:4873/@pixi%2ftext-bitmap/-/text-bitmap-5.1.1.tgz",
      "integrity": "sha1-YSofu5bT1owErMMwJ5lCpVDmiy0=",
      "requires": {
        "@pixi/core": "^5.1.1",
        "@pixi/display": "^5.1.1",
        "@pixi/loaders": "^5.1.1",
        "@pixi/math": "^5.1.0",
        "@pixi/settings": "^5.1.1",
        "@pixi/sprite": "^5.1.1",
        "@pixi/utils": "^5.1.1"
      }
    },
    "@pixi/ticker": {
      "version": "5.1.1",
      "resolved": "http://192.168.2.34:4873/@pixi%2fticker/-/ticker-5.1.1.tgz",
      "integrity": "sha1-RIFZ9FNoHknP/0ORZl1ZheDdd1Q=",
      "requires": {
        "@pixi/settings": "^5.1.1"
      }
    },
    "@pixi/utils": {
      "version": "5.1.1",
      "resolved": "http://192.168.2.34:4873/@pixi%2futils/-/utils-5.1.1.tgz",
      "integrity": "sha1-bk1hEETJEYMm0XVgK3sX847XNfw=",
      "requires": {
        "@pixi/constants": "^5.1.0",
        "@pixi/settings": "^5.1.1",
        "earcut": "^2.1.5",
        "eventemitter3": "^3.1.0",
        "url": "^0.11.0"
      }
    },
    "@types/d3": {
      "version": "5.7.2",
      "resolved": "http://192.168.2.34:4873/@types%2fd3/-/d3-5.7.2.tgz",
      "integrity": "sha1-UiNetxodPKFx1tylKlj1zL4CVMw=",
      "requires": {
        "@types/d3-array": "^1",
        "@types/d3-axis": "*",
        "@types/d3-brush": "*",
        "@types/d3-chord": "*",
        "@types/d3-collection": "*",
        "@types/d3-color": "*",
        "@types/d3-contour": "*",
        "@types/d3-dispatch": "*",
        "@types/d3-drag": "*",
        "@types/d3-dsv": "*",
        "@types/d3-ease": "*",
        "@types/d3-fetch": "*",
        "@types/d3-force": "*",
        "@types/d3-format": "*",
        "@types/d3-geo": "*",
        "@types/d3-hierarchy": "*",
        "@types/d3-interpolate": "*",
        "@types/d3-path": "*",
        "@types/d3-polygon": "*",
        "@types/d3-quadtree": "*",
        "@types/d3-random": "*",
        "@types/d3-scale": "*",
        "@types/d3-scale-chromatic": "*",
        "@types/d3-selection": "*",
        "@types/d3-shape": "*",
        "@types/d3-time": "*",
        "@types/d3-time-format": "*",
        "@types/d3-timer": "*",
        "@types/d3-transition": "*",
        "@types/d3-voronoi": "*",
        "@types/d3-zoom": "*"
      }
    },
    "@types/d3-array": {
      "version": "1.2.7",
      "resolved": "http://192.168.2.34:4873/@types%2fd3-array/-/d3-array-1.2.7.tgz",
      "integrity": "sha1-NNxlTTT8BYxBwx28oe1oBxqPzBc="
    },
    "@types/d3-axis": {
      "version": "1.0.12",
      "resolved": "http://192.168.2.34:4873/@types%2fd3-axis/-/d3-axis-1.0.12.tgz",
      "integrity": "sha1-jBJO38wC87OpzaoqKLiiA0FAF5k=",
      "requires": {
        "@types/d3-selection": "*"
      }
    },
    "@types/d3-brush": {
      "version": "1.0.10",
      "resolved": "http://192.168.2.34:4873/@types%2fd3-brush/-/d3-brush-1.0.10.tgz",
      "integrity": "sha1-qptVRdgWwp0Zz/IBGPI2cTr46fs=",
      "requires": {
        "@types/d3-selection": "*"
      }
    },
    "@types/d3-chord": {
      "version": "1.0.9",
      "resolved": "http://192.168.2.34:4873/@types%2fd3-chord/-/d3-chord-1.0.9.tgz",
      "integrity": "sha1-zMXeA/8HkCVJG3qmt1BnChQLRa4="
    },
    "@types/d3-collection": {
      "version": "1.0.8",
      "resolved": "http://192.168.2.34:4873/@types%2fd3-collection/-/d3-collection-1.0.8.tgz",
      "integrity": "sha1-qpVSxXCpbjPBMuD9IOMx9kuqndU="
    },
    "@types/d3-color": {
      "version": "1.2.2",
      "resolved": "http://192.168.2.34:4873/@types%2fd3-color/-/d3-color-1.2.2.tgz",
      "integrity": "sha1-gM98//dAFYe4+JMHujb+Sldrx88="
    },
    "@types/d3-contour": {
      "version": "1.3.0",
      "resolved": "http://192.168.2.34:4873/@types%2fd3-contour/-/d3-contour-1.3.0.tgz",
      "integrity": "sha1-GkCLEh+l40H3FeMFUwPvMHn8frA=",
      "requires": {
        "@types/d3-array": "*",
        "@types/geojson": "*"
      }
    },
    "@types/d3-dispatch": {
      "version": "1.0.7",
      "resolved": "http://192.168.2.34:4873/@types%2fd3-dispatch/-/d3-dispatch-1.0.7.tgz",
      "integrity": "sha1-ZyGu+7mGLOeMIKh6FJDCH1fD7X8="
    },
    "@types/d3-drag": {
      "version": "1.2.3",
      "resolved": "http://192.168.2.34:4873/@types%2fd3-drag/-/d3-drag-1.2.3.tgz",
      "integrity": "sha1-2N3MyijpOenGib6m9AqTfkjDkFE=",
      "requires": {
        "@types/d3-selection": "*"
      }
    },
    "@types/d3-dsv": {
      "version": "1.0.36",
      "resolved": "http://192.168.2.34:4873/@types%2fd3-dsv/-/d3-dsv-1.0.36.tgz",
      "integrity": "sha1-6REp18ArG4FIONAB6SHouaZxU9A="
    },
    "@types/d3-ease": {
      "version": "1.0.8",
      "resolved": "http://192.168.2.34:4873/@types%2fd3-ease/-/d3-ease-1.0.8.tgz",
      "integrity": "sha1-tEB2H7hZhddiWeycW/AcTFZ3isI="
    },
    "@types/d3-fetch": {
      "version": "1.1.5",
      "resolved": "http://192.168.2.34:4873/@types%2fd3-fetch/-/d3-fetch-1.1.5.tgz",
      "integrity": "sha1-UWAfed1GU7XYTmoxdteBReBl214=",
      "requires": {
        "@types/d3-dsv": "*"
      }
    },
    "@types/d3-force": {
      "version": "1.2.1",
      "resolved": "http://192.168.2.34:4873/@types%2fd3-force/-/d3-force-1.2.1.tgz",
      "integrity": "sha1-wogD6jb+KXiNtp76CtbC3AlUToM="
    },
    "@types/d3-format": {
      "version": "1.3.1",
      "resolved": "http://192.168.2.34:4873/@types%2fd3-format/-/d3-format-1.3.1.tgz",
      "integrity": "sha1-Nb+IJkvWvNo5JRFlu4J/Z4ecQ4Q="
    },
    "@types/d3-geo": {
      "version": "1.11.1",
      "resolved": "http://192.168.2.34:4873/@types%2fd3-geo/-/d3-geo-1.11.1.tgz",
      "integrity": "sha1-6W7JHxYiHYdQf+xmssyIn1LSST4=",
      "requires": {
        "@types/geojson": "*"
      }
    },
    "@types/d3-hierarchy": {
      "version": "1.1.6",
      "resolved": "http://192.168.2.34:4873/@types%2fd3-hierarchy/-/d3-hierarchy-1.1.6.tgz",
      "integrity": "sha1-TAF1IZAIE+pSTJ7LjXmF7CaprZo="
    },
    "@types/d3-interpolate": {
      "version": "1.3.1",
      "resolved": "http://192.168.2.34:4873/@types%2fd3-interpolate/-/d3-interpolate-1.3.1.tgz",
      "integrity": "sha1-HCgFEfYi3psLR9Rj+lX5pP1vX8g=",
      "requires": {
        "@types/d3-color": "*"
      }
    },
    "@types/d3-path": {
      "version": "1.0.8",
      "resolved": "http://192.168.2.34:4873/@types%2fd3-path/-/d3-path-1.0.8.tgz",
      "integrity": "sha1-SOaUWo/0PuChzoXIz6IzfehcfHk="
    },
    "@types/d3-polygon": {
      "version": "1.0.7",
      "resolved": "http://192.168.2.34:4873/@types%2fd3-polygon/-/d3-polygon-1.0.7.tgz",
      "integrity": "sha1-ezlHqi1IKH/1NSMNPTlmaKsXv98="
    },
    "@types/d3-quadtree": {
      "version": "1.0.7",
      "resolved": "http://192.168.2.34:4873/@types%2fd3-quadtree/-/d3-quadtree-1.0.7.tgz",
      "integrity": "sha1-jilGT/WzJvZhLBQo2TYrSzXeK3A="
    },
    "@types/d3-random": {
      "version": "1.1.2",
      "resolved": "http://192.168.2.34:4873/@types%2fd3-random/-/d3-random-1.1.2.tgz",
      "integrity": "sha1-b3fot7tkrDk/ktM/6PcQOLxPPN4="
    },
    "@types/d3-scale": {
      "version": "2.1.1",
      "resolved": "http://192.168.2.34:4873/@types%2fd3-scale/-/d3-scale-2.1.1.tgz",
      "integrity": "sha1-QF5Ydx7GrnuPe0F47hiHYgdZ6Pc=",
      "requires": {
        "@types/d3-time": "*"
      }
    },
    "@types/d3-scale-chromatic": {
      "version": "1.3.1",
      "resolved": "http://192.168.2.34:4873/@types%2fd3-scale-chromatic/-/d3-scale-chromatic-1.3.1.tgz",
      "integrity": "sha1-opSuaIY0Anhw8DB7+IAvhjqi3bM="
    },
    "@types/d3-selection": {
      "version": "1.4.1",
      "resolved": "http://192.168.2.34:4873/@types%2fd3-selection/-/d3-selection-1.4.1.tgz",
      "integrity": "sha1-+h+HEKa118/lxsqmHRYb58rkoCI="
    },
    "@types/d3-shape": {
      "version": "1.3.1",
      "resolved": "http://192.168.2.34:4873/@types%2fd3-shape/-/d3-shape-1.3.1.tgz",
      "integrity": "sha1-G0+St+/XMG/iR03G7pTA8O0uarY=",
      "requires": {
        "@types/d3-path": "*"
      }
    },
    "@types/d3-time": {
      "version": "1.0.10",
      "resolved": "http://192.168.2.34:4873/@types%2fd3-time/-/d3-time-1.0.10.tgz",
      "integrity": "sha1-0zjH/qyTqYoyqsh10RAPkse2H08="
    },
    "@types/d3-time-format": {
      "version": "2.1.1",
      "resolved": "http://192.168.2.34:4873/@types%2fd3-time-format/-/d3-time-format-2.1.1.tgz",
      "integrity": "sha1-3Sx57EV18TVUhKtrEEB4JGaOukI="
    },
    "@types/d3-timer": {
      "version": "1.0.9",
      "resolved": "http://192.168.2.34:4873/@types%2fd3-timer/-/d3-timer-1.0.9.tgz",
      "integrity": "sha1-rtG94M8Ykg0z9dRIOdc945NjP9M="
    },
    "@types/d3-transition": {
      "version": "1.1.4",
      "resolved": "http://192.168.2.34:4873/@types%2fd3-transition/-/d3-transition-1.1.4.tgz",
      "integrity": "sha1-PHo1rprPxZ3+8etzCOur8PwGgN4=",
      "requires": {
        "@types/d3-selection": "*"
      }
    },
    "@types/d3-voronoi": {
      "version": "1.1.9",
      "resolved": "http://192.168.2.34:4873/@types%2fd3-voronoi/-/d3-voronoi-1.1.9.tgz",
      "integrity": "sha1-e7whCBijpcXguvsFFCDfIGYXyeU="
    },
    "@types/d3-zoom": {
      "version": "1.7.4",
      "resolved": "http://192.168.2.34:4873/@types%2fd3-zoom/-/d3-zoom-1.7.4.tgz",
      "integrity": "sha1-kib/0r04RuwOSk4r/yEWEtOq+tU=",
      "requires": {
        "@types/d3-interpolate": "*",
        "@types/d3-selection": "*"
      }
    },
    "@types/geojson": {
      "version": "7946.0.7",
      "resolved": "http://192.168.2.34:4873/@types%2fgeojson/-/geojson-7946.0.7.tgz",
      "integrity": "sha1-yPpTK2CgBCIZzfFzyiGpde8GZq0="
    },
    "commander": {
      "version": "7.2.0",
      "resolved": "https://registry.npmjs.org/commander/-/commander-7.2.0.tgz",
      "integrity": "sha512-QrWXB+ZQSVPmIWIhtEO9H+gwHaMGYiF5ChvoJ+K9ZGHG/sVsa6yiesAD1GC/x46sET00Xlwo1u49RVVVzvcSkw=="
    },
    "d3": {
      "version": "7.6.1",
      "resolved": "https://registry.npmjs.org/d3/-/d3-7.6.1.tgz",
      "integrity": "sha512-txMTdIHFbcpLx+8a0IFhZsbp+PfBBPt8yfbmukZTQFroKuFqIwqswF0qE5JXWefylaAVpSXFoKm3yP+jpNLFLw==",
      "requires": {
        "d3-array": "3",
        "d3-axis": "3",
        "d3-brush": "3",
        "d3-chord": "3",
        "d3-color": "3",
        "d3-contour": "4",
        "d3-delaunay": "6",
        "d3-dispatch": "3",
        "d3-drag": "3",
        "d3-dsv": "3",
        "d3-ease": "3",
        "d3-fetch": "3",
        "d3-force": "3",
        "d3-format": "3",
        "d3-geo": "3",
        "d3-hierarchy": "3",
        "d3-interpolate": "3",
        "d3-path": "3",
        "d3-polygon": "3",
        "d3-quadtree": "3",
        "d3-random": "3",
        "d3-scale": "4",
        "d3-scale-chromatic": "3",
        "d3-selection": "3",
        "d3-shape": "3",
        "d3-time": "3",
        "d3-time-format": "4",
        "d3-timer": "3",
        "d3-transition": "3",
        "d3-zoom": "3"
      }
    },
    "d3-array": {
      "version": "3.2.0",
      "resolved": "https://registry.npmjs.org/d3-array/-/d3-array-3.2.0.tgz",
      "integrity": "sha512-3yXFQo0oG3QCxbF06rMPFyGRMGJNS7NvsV1+2joOjbBE+9xvWQ8+GcMJAjRCzw06zQ3/arXeJgbPYcjUCuC+3g==",
      "requires": {
        "internmap": "1 - 2"
      }
    },
    "d3-axis": {
      "version": "3.0.0",
      "resolved": "https://registry.npmjs.org/d3-axis/-/d3-axis-3.0.0.tgz",
      "integrity": "sha512-IH5tgjV4jE/GhHkRV0HiVYPDtvfjHQlQfJHs0usq7M30XcSBvOotpmH1IgkcXsO/5gEQZD43B//fc7SRT5S+xw=="
    },
    "d3-brush": {
      "version": "3.0.0",
      "resolved": "https://registry.npmjs.org/d3-brush/-/d3-brush-3.0.0.tgz",
      "integrity": "sha512-ALnjWlVYkXsVIGlOsuWH1+3udkYFI48Ljihfnh8FZPF2QS9o+PzGLBslO0PjzVoHLZ2KCVgAM8NVkXPJB2aNnQ==",
      "requires": {
        "d3-dispatch": "1 - 3",
        "d3-drag": "2 - 3",
        "d3-interpolate": "1 - 3",
        "d3-selection": "3",
        "d3-transition": "3"
      }
    },
    "d3-chord": {
      "version": "3.0.1",
      "resolved": "https://registry.npmjs.org/d3-chord/-/d3-chord-3.0.1.tgz",
      "integrity": "sha512-VE5S6TNa+j8msksl7HwjxMHDM2yNK3XCkusIlpX5kwauBfXuyLAtNg9jCp/iHH61tgI4sb6R/EIMWCqEIdjT/g==",
      "requires": {
        "d3-path": "1 - 3"
      }
    },
    "d3-color": {
      "version": "3.1.0",
      "resolved": "https://registry.npmjs.org/d3-color/-/d3-color-3.1.0.tgz",
      "integrity": "sha512-zg/chbXyeBtMQ1LbD/WSoW2DpC3I0mpmPdW+ynRTj/x2DAWYrIY7qeZIHidozwV24m4iavr15lNwIwLxRmOxhA=="
    },
    "d3-contour": {
      "version": "4.0.0",
      "resolved": "https://registry.npmjs.org/d3-contour/-/d3-contour-4.0.0.tgz",
      "integrity": "sha512-7aQo0QHUTu/Ko3cP9YK9yUTxtoDEiDGwnBHyLxG5M4vqlBkO/uixMRele3nfsfj6UXOcuReVpVXzAboGraYIJw==",
      "requires": {
        "d3-array": "^3.2.0"
      }
    },
    "d3-delaunay": {
      "version": "6.0.2",
      "resolved": "https://registry.npmjs.org/d3-delaunay/-/d3-delaunay-6.0.2.tgz",
      "integrity": "sha512-IMLNldruDQScrcfT+MWnazhHbDJhcRJyOEBAJfwQnHle1RPh6WDuLvxNArUju2VSMSUuKlY5BGHRJ2cYyoFLQQ==",
      "requires": {
        "delaunator": "5"
      }
    },
    "d3-dispatch": {
      "version": "3.0.1",
      "resolved": "https://registry.npmjs.org/d3-dispatch/-/d3-dispatch-3.0.1.tgz",
      "integrity": "sha512-rzUyPU/S7rwUflMyLc1ETDeBj0NRuHKKAcvukozwhshr6g6c5d8zh4c2gQjY2bZ0dXeGLWc1PF174P2tVvKhfg=="
    },
    "d3-drag": {
      "version": "3.0.0",
      "resolved": "https://registry.npmjs.org/d3-drag/-/d3-drag-3.0.0.tgz",
      "integrity": "sha512-pWbUJLdETVA8lQNJecMxoXfH6x+mO2UQo8rSmZ+QqxcbyA3hfeprFgIT//HW2nlHChWeIIMwS2Fq+gEARkhTkg==",
      "requires": {
        "d3-dispatch": "1 - 3",
        "d3-selection": "3"
      }
    },
    "d3-dsv": {
      "version": "3.0.1",
      "resolved": "https://registry.npmjs.org/d3-dsv/-/d3-dsv-3.0.1.tgz",
      "integrity": "sha512-UG6OvdI5afDIFP9w4G0mNq50dSOsXHJaRE8arAS5o9ApWnIElp8GZw1Dun8vP8OyHOZ/QJUKUJwxiiCCnUwm+Q==",
      "requires": {
        "commander": "7",
        "iconv-lite": "0.6",
        "rw": "1"
      }
    },
    "d3-ease": {
      "version": "3.0.1",
      "resolved": "https://registry.npmjs.org/d3-ease/-/d3-ease-3.0.1.tgz",
      "integrity": "sha512-wR/XK3D3XcLIZwpbvQwQ5fK+8Ykds1ip7A2Txe0yxncXSdq1L9skcG7blcedkOX+ZcgxGAmLX1FrRGbADwzi0w=="
    },
    "d3-fetch": {
      "version": "3.0.1",
      "resolved": "https://registry.npmjs.org/d3-fetch/-/d3-fetch-3.0.1.tgz",
      "integrity": "sha512-kpkQIM20n3oLVBKGg6oHrUchHM3xODkTzjMoj7aWQFq5QEM+R6E4WkzT5+tojDY7yjez8KgCBRoj4aEr99Fdqw==",
      "requires": {
        "d3-dsv": "1 - 3"
      }
    },
    "d3-force": {
      "version": "3.0.0",
      "resolved": "https://registry.npmjs.org/d3-force/-/d3-force-3.0.0.tgz",
      "integrity": "sha512-zxV/SsA+U4yte8051P4ECydjD/S+qeYtnaIyAs9tgHCqfguma/aAQDjo85A9Z6EKhBirHRJHXIgJUlffT4wdLg==",
      "requires": {
        "d3-dispatch": "1 - 3",
        "d3-quadtree": "1 - 3",
        "d3-timer": "1 - 3"
      }
    },
    "d3-format": {
      "version": "3.1.0",
      "resolved": "https://registry.npmjs.org/d3-format/-/d3-format-3.1.0.tgz",
      "integrity": "sha512-YyUI6AEuY/Wpt8KWLgZHsIU86atmikuoOmCfommt0LYHiQSPjvX2AcFc38PX0CBpr2RCyZhjex+NS/LPOv6YqA=="
    },
    "d3-geo": {
      "version": "3.0.1",
      "resolved": "https://registry.npmjs.org/d3-geo/-/d3-geo-3.0.1.tgz",
      "integrity": "sha512-Wt23xBych5tSy9IYAM1FR2rWIBFWa52B/oF/GYe5zbdHrg08FU8+BuI6X4PvTwPDdqdAdq04fuWJpELtsaEjeA==",
      "requires": {
        "d3-array": "2.5.0 - 3"
      }
    },
    "d3-hierarchy": {
      "version": "3.1.2",
      "resolved": "https://registry.npmjs.org/d3-hierarchy/-/d3-hierarchy-3.1.2.tgz",
      "integrity": "sha512-FX/9frcub54beBdugHjDCdikxThEqjnR93Qt7PvQTOHxyiNCAlvMrHhclk3cD5VeAaq9fxmfRp+CnWw9rEMBuA=="
    },
    "d3-interpolate": {
      "version": "3.0.1",
      "resolved": "https://registry.npmjs.org/d3-interpolate/-/d3-interpolate-3.0.1.tgz",
      "integrity": "sha512-3bYs1rOD33uo8aqJfKP3JWPAibgw8Zm2+L9vBKEHJ2Rg+viTR7o5Mmv5mZcieN+FRYaAOWX5SJATX6k1PWz72g==",
      "requires": {
        "d3-color": "1 - 3"
      }
    },
    "d3-path": {
      "version": "3.0.1",
      "resolved": "https://registry.npmjs.org/d3-path/-/d3-path-3.0.1.tgz",
      "integrity": "sha512-gq6gZom9AFZby0YLduxT1qmrp4xpBA1YZr19OI717WIdKE2OM5ETq5qrHLb301IgxhLwcuxvGZVLeeWc/k1I6w=="
    },
    "d3-polygon": {
      "version": "3.0.1",
      "resolved": "https://registry.npmjs.org/d3-polygon/-/d3-polygon-3.0.1.tgz",
      "integrity": "sha512-3vbA7vXYwfe1SYhED++fPUQlWSYTTGmFmQiany/gdbiWgU/iEyQzyymwL9SkJjFFuCS4902BSzewVGsHHmHtXg=="
    },
    "d3-quadtree": {
      "version": "3.0.1",
      "resolved": "https://registry.npmjs.org/d3-quadtree/-/d3-quadtree-3.0.1.tgz",
      "integrity": "sha512-04xDrxQTDTCFwP5H6hRhsRcb9xxv2RzkcsygFzmkSIOJy3PeRJP7sNk3VRIbKXcog561P9oU0/rVH6vDROAgUw=="
    },
    "d3-random": {
      "version": "3.0.1",
      "resolved": "https://registry.npmjs.org/d3-random/-/d3-random-3.0.1.tgz",
      "integrity": "sha512-FXMe9GfxTxqd5D6jFsQ+DJ8BJS4E/fT5mqqdjovykEB2oFbTMDVdg1MGFxfQW+FBOGoB++k8swBrgwSHT1cUXQ=="
    },
    "d3-scale": {
      "version": "4.0.2",
      "resolved": "https://registry.npmjs.org/d3-scale/-/d3-scale-4.0.2.tgz",
      "integrity": "sha512-GZW464g1SH7ag3Y7hXjf8RoUuAFIqklOAq3MRl4OaWabTFJY9PN/E1YklhXLh+OQ3fM9yS2nOkCoS+WLZ6kvxQ==",
      "requires": {
        "d3-array": "2.10.0 - 3",
        "d3-format": "1 - 3",
        "d3-interpolate": "1.2.0 - 3",
        "d3-time": "2.1.1 - 3",
        "d3-time-format": "2 - 4"
      }
    },
    "d3-scale-chromatic": {
      "version": "3.0.0",
      "resolved": "https://registry.npmjs.org/d3-scale-chromatic/-/d3-scale-chromatic-3.0.0.tgz",
      "integrity": "sha512-Lx9thtxAKrO2Pq6OO2Ua474opeziKr279P/TKZsMAhYyNDD3EnCffdbgeSYN5O7m2ByQsxtuP2CSDczNUIZ22g==",
      "requires": {
        "d3-color": "1 - 3",
        "d3-interpolate": "1 - 3"
      }
    },
    "d3-selection": {
      "version": "3.0.0",
      "resolved": "https://registry.npmjs.org/d3-selection/-/d3-selection-3.0.0.tgz",
      "integrity": "sha512-fmTRWbNMmsmWq6xJV8D19U/gw/bwrHfNXxrIN+HfZgnzqTHp9jOmKMhsTUjXOJnZOdZY9Q28y4yebKzqDKlxlQ=="
    },
    "d3-shape": {
      "version": "3.1.0",
      "resolved": "https://registry.npmjs.org/d3-shape/-/d3-shape-3.1.0.tgz",
      "integrity": "sha512-tGDh1Muf8kWjEDT/LswZJ8WF85yDZLvVJpYU9Nq+8+yW1Z5enxrmXOhTArlkaElU+CTn0OTVNli+/i+HP45QEQ==",
      "requires": {
        "d3-path": "1 - 3"
      }
    },
    "d3-time": {
      "version": "3.0.0",
      "resolved": "https://registry.npmjs.org/d3-time/-/d3-time-3.0.0.tgz",
      "integrity": "sha512-zmV3lRnlaLI08y9IMRXSDshQb5Nj77smnfpnd2LrBa/2K281Jijactokeak14QacHs/kKq0AQ121nidNYlarbQ==",
      "requires": {
        "d3-array": "2 - 3"
      }
    },
    "d3-time-format": {
      "version": "4.1.0",
      "resolved": "https://registry.npmjs.org/d3-time-format/-/d3-time-format-4.1.0.tgz",
      "integrity": "sha512-dJxPBlzC7NugB2PDLwo9Q8JiTR3M3e4/XANkreKSUxF8vvXKqm1Yfq4Q5dl8budlunRVlUUaDUgFt7eA8D6NLg==",
      "requires": {
        "d3-time": "1 - 3"
      }
    },
    "d3-timer": {
      "version": "3.0.1",
      "resolved": "https://registry.npmjs.org/d3-timer/-/d3-timer-3.0.1.tgz",
      "integrity": "sha512-ndfJ/JxxMd3nw31uyKoY2naivF+r29V+Lc0svZxe1JvvIRmi8hUsrMvdOwgS1o6uBHmiz91geQ0ylPP0aj1VUA=="
    },
    "d3-transition": {
      "version": "3.0.1",
      "resolved": "https://registry.npmjs.org/d3-transition/-/d3-transition-3.0.1.tgz",
      "integrity": "sha512-ApKvfjsSR6tg06xrL434C0WydLr7JewBB3V+/39RMHsaXTOG0zmt/OAXeng5M5LBm0ojmxJrpomQVZ1aPvBL4w==",
      "requires": {
        "d3-color": "1 - 3",
        "d3-dispatch": "1 - 3",
        "d3-ease": "1 - 3",
        "d3-interpolate": "1 - 3",
        "d3-timer": "1 - 3"
      }
    },
    "d3-zoom": {
      "version": "3.0.0",
      "resolved": "https://registry.npmjs.org/d3-zoom/-/d3-zoom-3.0.0.tgz",
      "integrity": "sha512-b8AmV3kfQaqWAuacbPuNbL6vahnOJflOhexLzMMNLga62+/nh0JzvJ0aO/5a5MVgUFGS7Hu1P9P03o3fJkDCyw==",
      "requires": {
        "d3-dispatch": "1 - 3",
        "d3-drag": "2 - 3",
        "d3-interpolate": "1 - 3",
        "d3-selection": "2 - 3",
        "d3-transition": "2 - 3"
      }
    },
    "delaunator": {
      "version": "5.0.0",
      "resolved": "https://registry.npmjs.org/delaunator/-/delaunator-5.0.0.tgz",
      "integrity": "sha512-AyLvtyJdbv/U1GkiS6gUUzclRoAY4Gs75qkMygJJhU75LW4DNuSF2RMzpxs9jw9Oz1BobHjTdkG3zdP55VxAqw==",
      "requires": {
        "robust-predicates": "^3.0.0"
      }
    },
    "earcut": {
      "version": "2.1.5",
      "resolved": "http://192.168.2.34:4873/earcut/-/earcut-2.1.5.tgz",
      "integrity": "sha1-gpKAqaOg9f7gUp8KR8Pk7/CbIeQ="
    },
    "es6-promise-polyfill": {
      "version": "1.2.0",
      "resolved": "http://192.168.2.34:4873/es6-promise-polyfill/-/es6-promise-polyfill-1.2.0.tgz",
      "integrity": "sha1-84kl8jyz4+jObNqP93T867sJDN4="
    },
    "eventemitter3": {
      "version": "3.1.2",
      "resolved": "http://192.168.2.34:4873/eventemitter3/-/eventemitter3-3.1.2.tgz",
      "integrity": "sha1-LT1I+cNGaY/Og6hdfWZOmFNd9uc="
    },
    "iconv-lite": {
      "version": "0.6.3",
      "resolved": "https://registry.npmjs.org/iconv-lite/-/iconv-lite-0.6.3.tgz",
      "integrity": "sha512-4fCk79wshMdzMp2rH06qWrJE4iolqLhCUH+OiuIgU++RB0+94NlDL81atO7GX55uUKueo0txHNtvEyI6D7WdMw==",
      "requires": {
        "safer-buffer": ">= 2.1.2 < 3.0.0"
      }
    },
    "internmap": {
      "version": "2.0.3",
      "resolved": "https://registry.npmjs.org/internmap/-/internmap-2.0.3.tgz",
      "integrity": "sha512-5Hh7Y1wQbvY5ooGgPbDaL5iYLAPzMTUrjMulskHLH6wnv/A+1q5rgEaiuqEjB+oxGXIVZs1FF+R/KPN3ZSQYYg=="
    },
    "ismobilejs": {
      "version": "0.5.2",
      "resolved": "http://192.168.2.34:4873/ismobilejs/-/ismobilejs-0.5.2.tgz",
      "integrity": "sha1-6Bus9hh8UyrYNINV9P7Nbmrf3OE="
    },
    "mini-signals": {
      "version": "1.2.0",
      "resolved": "http://192.168.2.34:4873/mini-signals/-/mini-signals-1.2.0.tgz",
      "integrity": "sha1-RbCAE8X65RokqhqTXNMXye1yHXQ="
    },
    "object-assign": {
      "version": "4.1.1",
      "resolved": "http://192.168.2.34:4873/object-assign/-/object-assign-4.1.1.tgz",
      "integrity": "sha1-IQmtx5ZYh8/AXLvUQsrIv7s2CGM="
    },
    "parse-uri": {
      "version": "1.0.0",
      "resolved": "http://192.168.2.34:4873/parse-uri/-/parse-uri-1.0.0.tgz",
      "integrity": "sha1-KHLcwi8aeXrN4Vg9igrClVLdrCA="
    },
    "pixi.js": {
      "version": "5.1.1",
      "resolved": "http://192.168.2.34:4873/pixi.js/-/pixi.js-5.1.1.tgz",
      "integrity": "sha1-CTWqA85D/JMRBYHxJAHgS2/9/JM=",
      "requires": {
        "@pixi/accessibility": "^5.1.1",
        "@pixi/app": "^5.1.1",
        "@pixi/constants": "^5.1.0",
        "@pixi/core": "^5.1.1",
        "@pixi/display": "^5.1.1",
        "@pixi/extract": "^5.1.1",
        "@pixi/filter-alpha": "^5.1.1",
        "@pixi/filter-blur": "^5.1.1",
        "@pixi/filter-color-matrix": "^5.1.1",
        "@pixi/filter-displacement": "^5.1.1",
        "@pixi/filter-fxaa": "^5.1.1",
        "@pixi/filter-noise": "^5.1.1",
        "@pixi/graphics": "^5.1.1",
        "@pixi/interaction": "^5.1.1",
        "@pixi/loaders": "^5.1.1",
        "@pixi/math": "^5.1.0",
        "@pixi/mesh": "^5.1.1",
        "@pixi/mesh-extras": "^5.1.1",
        "@pixi/mixin-cache-as-bitmap": "^5.1.1",
        "@pixi/mixin-get-child-by-name": "^5.1.1",
        "@pixi/mixin-get-global-position": "^5.1.1",
        "@pixi/particles": "^5.1.1",
        "@pixi/polyfill": "^5.1.0",
        "@pixi/prepare": "^5.1.1",
        "@pixi/runner": "^5.1.1",
        "@pixi/settings": "^5.1.1",
        "@pixi/sprite": "^5.1.1",
        "@pixi/sprite-animated": "^5.1.1",
        "@pixi/sprite-tiling": "^5.1.1",
        "@pixi/spritesheet": "^5.1.1",
        "@pixi/text": "^5.1.1",
        "@pixi/text-bitmap": "^5.1.1",
        "@pixi/ticker": "^5.1.1",
        "@pixi/utils": "^5.1.1"
      }
    },
    "punycode": {
      "version": "1.3.2",
      "resolved": "http://192.168.2.34:4873/punycode/-/punycode-1.3.2.tgz",
      "integrity": "sha1-llOgNvt8HuQjQvIyXM7v6jkmxI0="
    },
    "querystring": {
      "version": "0.2.0",
      "resolved": "http://192.168.2.34:4873/querystring/-/querystring-0.2.0.tgz",
      "integrity": "sha1-sgmEkgO7Jd+CDadW50cAWHhSFiA="
    },
    "resource-loader": {
      "version": "3.0.1",
      "resolved": "http://192.168.2.34:4873/resource-loader/-/resource-loader-3.0.1.tgz",
      "integrity": "sha1-MzVbtUIeKZT1lFS7x/bb/43wbUc=",
      "requires": {
        "mini-signals": "^1.2.0",
        "parse-uri": "^1.0.0"
      }
    },
    "robust-predicates": {
      "version": "3.0.1",
      "resolved": "https://registry.npmjs.org/robust-predicates/-/robust-predicates-3.0.1.tgz",
      "integrity": "sha512-ndEIpszUHiG4HtDsQLeIuMvRsDnn8c8rYStabochtUeCvfuvNptb5TUbVD68LRAILPX7p9nqQGh4xJgn3EHS/g=="
    },
    "rw": {
      "version": "1.3.3",
      "resolved": "https://registry.npmjs.org/rw/-/rw-1.3.3.tgz",
      "integrity": "sha512-PdhdWy89SiZogBLaw42zdeqtRJ//zFd2PgQavcICDUgJT5oW10QCRKbJ6bg4r0/UY2M6BWd5tkxuGFRvCkgfHQ=="
    },
    "safer-buffer": {
      "version": "2.1.2",
      "resolved": "https://registry.npmjs.org/safer-buffer/-/safer-buffer-2.1.2.tgz",
      "integrity": "sha512-YZo3K82SD7Riyi0E1EQPojLz7kpepnSQI9IyPbHHg1XXXevb5dJI7tpyN2ADxGcQbHG7vcyRHk0cbwqcQriUtg=="
    },
    "url": {
      "version": "0.11.0",
      "resolved": "http://192.168.2.34:4873/url/-/url-0.11.0.tgz",
      "integrity": "sha1-ODjpfPxgUh63PFJajlW/3Z4uKPE=",
      "requires": {
        "punycode": "1.3.2",
        "querystring": "0.2.0"
      }
    }
  }
}
